
Microsoft Visual Studio Solution File, Format Version 12.00
# Visual Studio Version 17
VisualStudioVersion = 17.2.32422.2
MinimumVisualStudioVersion = 10.0.40219.1
Project("{9A19103F-16F7-4668-BE54-9A1E7A4F7556}") = "Uncertainty", "Uncertainty.csproj", "{1305981B-9394-402E-BC96-A1D1A579F6CD}"
EndProject
Project("{FAE04EC0-301F-11D3-BF4B-00C04F79EFBC}") = "Tests", "..\Tests\Tests.csproj", "{2689F1D1-58E8-4B79-873D-7E55260AECF4}"
EndProject
Global
	GlobalSection(SolutionConfigurationPlatforms) = preSolution
		Debug|Any CPU = Debug|Any CPU
		Release|Any CPU = Release|Any CPU
	EndGlobalSection
	GlobalSection(ProjectConfigurationPlatforms) = postSolution
		{1305981B-9394-402E-BC96-A1D1A579F6CD}.Debug|Any CPU.ActiveCfg = Debug|Any CPU
		{1305981B-9394-402E-BC96-A1D1A579F6CD}.Debug|Any CPU.Build.0 = Debug|Any CPU
		{1305981B-9394-402E-BC96-A1D1A579F6CD}.Release|Any CPU.ActiveCfg = Release|Any CPU
		{1305981B-9394-402E-BC96-A1D1A579F6CD}.Release|Any CPU.Build.0 = Release|Any CPU
		{2689F1D1-58E8-4B79-873D-7E55260AECF4}.Debug|Any CPU.ActiveCfg = Debug|Any CPU
		{2689F1D1-58E8-4B79-873D-7E55260AECF4}.Debug|Any CPU.Build.0 = Debug|Any CPU
		{2689F1D1-58E8-4B79-873D-7E55260AECF4}.Release|Any CPU.ActiveCfg = Release|Any CPU
		{2689F1D1-58E8-4B79-873D-7E55260AECF4}.Release|Any CPU.Build.0 = Release|Any CPU
	EndGlobalSection
	GlobalSection(SolutionProperties) = preSolution
		HideSolutionNode = FALSE
	EndGlobalSection
	GlobalSection(ExtensibilityGlobals) = postSolution
		SolutionGuid = {8F2F553A-E213-4A63-BB39-B1F9BA7E2F1E}
	EndGlobalSection
EndGlobal
